
Microsoft Visual Studio Solution File, Format Version 12.00
# Visual Studio Version 17
VisualStudioVersion = 17.4.33213.308
MinimumVisualStudioVersion = 10.0.40219.1
Project("{FAE04EC0-301F-11D3-BF4B-00C04F79EFBC}") = "Dump-Catastro-API", "Dump-Catastro-API\Dump-Catastro-API.csproj", "{F65B57C0-B92E-4C05-9E16-4D495B569397}"
EndProject
Project("{FAE04EC0-301F-11D3-BF4B-00C04F79EFBC}") = "Dump-Catastro-CORE", "Dump-Catastro-CORE\Dump-Catastro-CORE.csproj", "{7573772D-6A51-465D-88F9-01289AD92A8B}"
EndProject
Project("{FAE04EC0-301F-11D3-BF4B-00C04F79EFBC}") = "Dump-Catastro-INFRASTRUCTURE", "Dump-Catastro-INFRASTRUCTURE\Dump-Catastro-INFRASTRUCTURE.csproj", "{072DE297-6B11-41CB-92D2-AC679C80BC44}"
EndProject
Global
	GlobalSection(SolutionConfigurationPlatforms) = preSolution
		Debug|Any CPU = Debug|Any CPU
		Release|Any CPU = Release|Any CPU
	EndGlobalSection
	GlobalSection(ProjectConfigurationPlatforms) = postSolution
		{F65B57C0-B92E-4C05-9E16-4D495B569397}.Debug|Any CPU.ActiveCfg = Debug|Any CPU
		{F65B57C0-B92E-4C05-9E16-4D495B569397}.Debug|Any CPU.Build.0 = Debug|Any CPU
		{F65B57C0-B92E-4C05-9E16-4D495B569397}.Release|Any CPU.ActiveCfg = Release|Any CPU
		{F65B57C0-B92E-4C05-9E16-4D495B569397}.Release|Any CPU.Build.0 = Release|Any CPU
		{7573772D-6A51-465D-88F9-01289AD92A8B}.Debug|Any CPU.ActiveCfg = Debug|Any CPU
		{7573772D-6A51-465D-88F9-01289AD92A8B}.Debug|Any CPU.Build.0 = Debug|Any CPU
		{7573772D-6A51-465D-88F9-01289AD92A8B}.Release|Any CPU.ActiveCfg = Release|Any CPU
		{7573772D-6A51-465D-88F9-01289AD92A8B}.Release|Any CPU.Build.0 = Release|Any CPU
		{072DE297-6B11-41CB-92D2-AC679C80BC44}.Debug|Any CPU.ActiveCfg = Debug|Any CPU
		{072DE297-6B11-41CB-92D2-AC679C80BC44}.Debug|Any CPU.Build.0 = Debug|Any CPU
		{072DE297-6B11-41CB-92D2-AC679C80BC44}.Release|Any CPU.ActiveCfg = Release|Any CPU
		{072DE297-6B11-41CB-92D2-AC679C80BC44}.Release|Any CPU.Build.0 = Release|Any CPU
	EndGlobalSection
	GlobalSection(SolutionProperties) = preSolution
		HideSolutionNode = FALSE
	EndGlobalSection
	GlobalSection(ExtensibilityGlobals) = postSolution
		SolutionGuid = {EC0E45B2-A6FF-4EEC-B7A9-29B61F81105B}
	EndGlobalSection
EndGlobal
